// !$*UTF8*$!
{
	archiveVersion = 1;
	classes = {
	};
	objectVersion = 46;
	objects = {

/* Begin PBXBuildFile section */
		DA83443B1F717DDB001DCFE2 /* main.m in Sources */ = {isa = PBXBuildFile; fileRef = DA83443A1F717DDB001DCFE2 /* main.m */; };
		DA83443E1F717DDB001DCFE2 /* AppDelegate.m in Sources */ = {isa = PBXBuildFile; fileRef = DA83443D1F717DDB001DCFE2 /* AppDelegate.m */; };
		DA8344411F717DDB001DCFE2 /* MasterViewController.m in Sources */ = {isa = PBXBuildFile; fileRef = DA8344401F717DDB001DCFE2 /* MasterViewController.m */; };
		DA8344441F717DDB001DCFE2 /* DetailViewController.m in Sources */ = {isa = PBXBuildFile; fileRef = DA8344431F717DDB001DCFE2 /* DetailViewController.m */; };
		DA8344471F717DDB001DCFE2 /* Main.storyboard in Resources */ = {isa = PBXBuildFile; fileRef = DA8344451F717DDB001DCFE2 /* Main.storyboard */; };
		DA8344491F717DDB001DCFE2 /* Assets.xcassets in Resources */ = {isa = PBXBuildFile; fileRef = DA8344481F717DDB001DCFE2 /* Assets.xcassets */; };
		DA83444C1F717DDB001DCFE2 /* LaunchScreen.storyboard in Resources */ = {isa = PBXBuildFile; fileRef = DA83444A1F717DDB001DCFE2 /* LaunchScreen.storyboard */; };
		DA8344551F717E3B001DCFE2 /* Todo.m in Sources */ = {isa = PBXBuildFile; fileRef = DA8344541F717E3B001DCFE2 /* Todo.m */; };
		DA8344581F7184DE001DCFE2 /* TodoListTableViewCell.m in Sources */ = {isa = PBXBuildFile; fileRef = DA8344571F7184DE001DCFE2 /* TodoListTableViewCell.m */; };
		DA8344811F71CCED001DCFE2 /* AddItemViewController.m in Sources */ = {isa = PBXBuildFile; fileRef = DA8344801F71CCED001DCFE2 /* AddItemViewController.m */; };
/* End PBXBuildFile section */

/* Begin PBXFileReference section */
		DA8344361F717DDB001DCFE2 /* EveryDo.app */ = {isa = PBXFileReference; explicitFileType = wrapper.application; includeInIndex = 0; path = EveryDo.app; sourceTree = BUILT_PRODUCTS_DIR; };
		DA83443A1F717DDB001DCFE2 /* main.m */ = {isa = PBXFileReference; lastKnownFileType = sourcecode.c.objc; path = main.m; sourceTree = "<group>"; };
		DA83443C1F717DDB001DCFE2 /* AppDelegate.h */ = {isa = PBXFileReference; lastKnownFileType = sourcecode.c.h; path = AppDelegate.h; sourceTree = "<group>"; };
		DA83443D1F717DDB001DCFE2 /* AppDelegate.m */ = {isa = PBXFileReference; lastKnownFileType = sourcecode.c.objc; path = AppDelegate.m; sourceTree = "<group>"; };
		DA83443F1F717DDB001DCFE2 /* MasterViewController.h */ = {isa = PBXFileReference; lastKnownFileType = sourcecode.c.h; path = MasterViewController.h; sourceTree = "<group>"; };
		DA8344401F717DDB001DCFE2 /* MasterViewController.m */ = {isa = PBXFileReference; lastKnownFileType = sourcecode.c.objc; path = MasterViewController.m; sourceTree = "<group>"; };
		DA8344421F717DDB001DCFE2 /* DetailViewController.h */ = {isa = PBXFileReference; lastKnownFileType = sourcecode.c.h; path = DetailViewController.h; sourceTree = "<group>"; };
		DA8344431F717DDB001DCFE2 /* DetailViewController.m */ = {isa = PBXFileReference; lastKnownFileType = sourcecode.c.objc; path = DetailViewController.m; sourceTree = "<group>"; };
		DA8344461F717DDB001DCFE2 /* Base */ = {isa = PBXFileReference; lastKnownFileType = file.storyboard; name = Base; path = Base.lproj/Main.storyboard; sourceTree = "<group>"; };
		DA8344481F717DDB001DCFE2 /* Assets.xcassets */ = {isa = PBXFileReference; lastKnownFileType = folder.assetcatalog; path = Assets.xcassets; sourceTree = "<group>"; };
		DA83444B1F717DDB001DCFE2 /* Base */ = {isa = PBXFileReference; lastKnownFileType = file.storyboard; name = Base; path = Base.lproj/LaunchScreen.storyboard; sourceTree = "<group>"; };
		DA83444D1F717DDB001DCFE2 /* Info.plist */ = {isa = PBXFileReference; lastKnownFileType = text.plist.xml; path = Info.plist; sourceTree = "<group>"; };
		DA8344531F717E3B001DCFE2 /* Todo.h */ = {isa = PBXFileReference; fileEncoding = 4; lastKnownFileType = sourcecode.c.h; path = Todo.h; sourceTree = "<group>"; };
		DA8344541F717E3B001DCFE2 /* Todo.m */ = {isa = PBXFileReference; fileEncoding = 4; lastKnownFileType = sourcecode.c.objc; path = Todo.m; sourceTree = "<group>"; };
		DA8344561F7184DE001DCFE2 /* TodoListTableViewCell.h */ = {isa = PBXFileReference; fileEncoding = 4; lastKnownFileType = sourcecode.c.h; path = TodoListTableViewCell.h; sourceTree = "<group>"; };
		DA8344571F7184DE001DCFE2 /* TodoListTableViewCell.m */ = {isa = PBXFileReference; fileEncoding = 4; lastKnownFileType = sourcecode.c.objc; path = TodoListTableViewCell.m; sourceTree = "<group>"; };
		DA83447F1F71CCED001DCFE2 /* AddItemViewController.h */ = {isa = PBXFileReference; fileEncoding = 4; lastKnownFileType = sourcecode.c.h; path = AddItemViewController.h; sourceTree = "<group>"; };
		DA8344801F71CCED001DCFE2 /* AddItemViewController.m */ = {isa = PBXFileReference; fileEncoding = 4; lastKnownFileType = sourcecode.c.objc; path = AddItemViewController.m; sourceTree = "<group>"; };
/* End PBXFileReference section */

/* Begin PBXFrameworksBuildPhase section */
		DA8344331F717DDB001DCFE2 /* Frameworks */ = {
			isa = PBXFrameworksBuildPhase;
			buildActionMask = 2147483647;
			files = (
			);
			runOnlyForDeploymentPostprocessing = 0;
		};
/* End PBXFrameworksBuildPhase section */

/* Begin PBXGroup section */
		DA83442D1F717DDB001DCFE2 = {
			isa = PBXGroup;
			children = (
				DA8344381F717DDB001DCFE2 /* EveryDo */,
				DA8344371F717DDB001DCFE2 /* Products */,
			);
			sourceTree = "<group>";
		};
		DA8344371F717DDB001DCFE2 /* Products */ = {
			isa = PBXGroup;
			children = (
				DA8344361F717DDB001DCFE2 /* EveryDo.app */,
			);
			name = Products;
			sourceTree = "<group>";
		};
		DA8344381F717DDB001DCFE2 /* EveryDo */ = {
			isa = PBXGroup;
			children = (
				DA83443F1F717DDB001DCFE2 /* MasterViewController.h */,
				DA8344401F717DDB001DCFE2 /* MasterViewController.m */,
				DA8344421F717DDB001DCFE2 /* DetailViewController.h */,
				DA8344431F717DDB001DCFE2 /* DetailViewController.m */,
				DA8344451F717DDB001DCFE2 /* Main.storyboard */,
				DA8344531F717E3B001DCFE2 /* Todo.h */,
				DA8344541F717E3B001DCFE2 /* Todo.m */,
				DA8344561F7184DE001DCFE2 /* TodoListTableViewCell.h */,
				DA8344571F7184DE001DCFE2 /* TodoListTableViewCell.m */,
				DA83447F1F71CCED001DCFE2 /* AddItemViewController.h */,
				DA8344801F71CCED001DCFE2 /* AddItemViewController.m */,
				DA8344391F717DDB001DCFE2 /* Supporting Files */,
			);
			path = EveryDo;
			sourceTree = "<group>";
		};
		DA8344391F717DDB001DCFE2 /* Supporting Files */ = {
			isa = PBXGroup;
			children = (
				DA83443C1F717DDB001DCFE2 /* AppDelegate.h */,
				DA83443D1F717DDB001DCFE2 /* AppDelegate.m */,
				DA8344481F717DDB001DCFE2 /* Assets.xcassets */,
				DA83444A1F717DDB001DCFE2 /* LaunchScreen.storyboard */,
				DA83444D1F717DDB001DCFE2 /* Info.plist */,
				DA83443A1F717DDB001DCFE2 /* main.m */,
			);
			name = "Supporting Files";
			sourceTree = "<group>";
		};
/* End PBXGroup section */

/* Begin PBXNativeTarget section */
		DA8344351F717DDB001DCFE2 /* EveryDo */ = {
			isa = PBXNativeTarget;
			buildConfigurationList = DA8344501F717DDB001DCFE2 /* Build configuration list for PBXNativeTarget "EveryDo" */;
			buildPhases = (
				DA8344321F717DDB001DCFE2 /* Sources */,
				DA8344331F717DDB001DCFE2 /* Frameworks */,
				DA8344341F717DDB001DCFE2 /* Resources */,
			);
			buildRules = (
			);
			dependencies = (
			);
			name = EveryDo;
			productName = EveryDo;
			productReference = DA8344361F717DDB001DCFE2 /* EveryDo.app */;
			productType = "com.apple.product-type.application";
		};
/* End PBXNativeTarget section */

/* Begin PBXProject section */
		DA83442E1F717DDB001DCFE2 /* Project object */ = {
			isa = PBXProject;
			attributes = {
				LastUpgradeCheck = 0830;
				ORGANIZATIONNAME = Paul;
				TargetAttributes = {
					DA8344351F717DDB001DCFE2 = {
						CreatedOnToolsVersion = 8.3.3;
						ProvisioningStyle = Automatic;
					};
				};
			};
			buildConfigurationList = DA8344311F717DDB001DCFE2 /* Build configuration list for PBXProject "EveryDo" */;
			compatibilityVersion = "Xcode 3.2";
			developmentRegion = English;
			hasScannedForEncodings = 0;
			knownRegions = (
				en,
				Base,
			);
			mainGroup = DA83442D1F717DDB001DCFE2;
			productRefGroup = DA8344371F717DDB001DCFE2 /* Products */;
			projectDirPath = "";
			projectRoot = "";
			targets = (
				DA8344351F717DDB001DCFE2 /* EveryDo */,
			);
		};
/* End PBXProject section */

/* Begin PBXResourcesBuildPhase section */
		DA8344341F717DDB001DCFE2 /* Resources */ = {
			isa = PBXResourcesBuildPhase;
			buildActionMask = 2147483647;
			files = (
				DA83444C1F717DDB001DCFE2 /* LaunchScreen.storyboard in Resources */,
				DA8344491F717DDB001DCFE2 /* Assets.xcassets in Resources */,
				DA8344471F717DDB001DCFE2 /* Main.storyboard in Resources */,
			);
			runOnlyForDeploymentPostprocessing = 0;
		};
/* End PBXResourcesBuildPhase section */

/* Begin PBXSourcesBuildPhase section */
		DA8344321F717DDB001DCFE2 /* Sources */ = {
			isa = PBXSourcesBuildPhase;
			buildActionMask = 2147483647;
			files = (
				DA8344551F717E3B001DCFE2 /* Todo.m in Sources */,
				DA8344581F7184DE001DCFE2 /* TodoListTableViewCell.m in Sources */,
				DA8344811F71CCED001DCFE2 /* AddItemViewController.m in Sources */,
				DA83443E1F717DDB001DCFE2 /* AppDelegate.m in Sources */,
				DA8344411F717DDB001DCFE2 /* MasterViewController.m in Sources */,
				DA83443B1F717DDB001DCFE2 /* main.m in Sources */,
				DA8344441F717DDB001DCFE2 /* DetailViewController.m in Sources */,
			);
			runOnlyForDeploymentPostprocessing = 0;
		};
/* End PBXSourcesBuildPhase section */

/* Begin PBXVariantGroup section */
		DA8344451F717DDB001DCFE2 /* Main.storyboard */ = {
			isa = PBXVariantGroup;
			children = (
				DA8344461F717DDB001DCFE2 /* Base */,
			);
			name = Main.storyboard;
			sourceTree = "<group>";
		};
		DA83444A1F717DDB001DCFE2 /* LaunchScreen.storyboard */ = {
			isa = PBXVariantGroup;
			children = (
				DA83444B1F717DDB001DCFE2 /* Base */,
			);
			name = LaunchScreen.storyboard;
			sourceTree = "<group>";
		};
/* End PBXVariantGroup section */

/* Begin XCBuildConfiguration section */
		DA83444E1F717DDB001DCFE2 /* Debug */ = {
			isa = XCBuildConfiguration;
			buildSettings = {
				ALWAYS_SEARCH_USER_PATHS = NO;
				CLANG_ANALYZER_NONNULL = YES;
				CLANG_ANALYZER_NUMBER_OBJECT_CONVERSION = YES_AGGRESSIVE;
				CLANG_CXX_LANGUAGE_STANDARD = "gnu++0x";
				CLANG_CXX_LIBRARY = "libc++";
				CLANG_ENABLE_MODULES = YES;
				CLANG_ENABLE_OBJC_ARC = YES;
				CLANG_WARN_BOOL_CONVERSION = YES;
				CLANG_WARN_CONSTANT_CONVERSION = YES;
				CLANG_WARN_DIRECT_OBJC_ISA_USAGE = YES_ERROR;
				CLANG_WARN_DOCUMENTATION_COMMENTS = YES;
				CLANG_WARN_EMPTY_BODY = YES;
				CLANG_WARN_ENUM_CONVERSION = YES;
				CLANG_WARN_INFINITE_RECURSION = YES;
				CLANG_WARN_INT_CONVERSION = YES;
				CLANG_WARN_OBJC_ROOT_CLASS = YES_ERROR;
				CLANG_WARN_SUSPICIOUS_MOVE = YES;
				CLANG_WARN_UNREACHABLE_CODE = YES;
				CLANG_WARN__DUPLICATE_METHOD_MATCH = YES;
				"CODE_SIGN_IDENTITY[sdk=iphoneos*]" = "iPhone Developer";
				COPY_PHASE_STRIP = NO;
				DEBUG_INFORMATION_FORMAT = dwarf;
				ENABLE_STRICT_OBJC_MSGSEND = YES;
				ENABLE_TESTABILITY = YES;
				GCC_C_LANGUAGE_STANDARD = gnu99;
				GCC_DYNAMIC_NO_PIC = NO;
				GCC_NO_COMMON_BLOCKS = YES;
				GCC_OPTIMIZATION_LEVEL = 0;
				GCC_PREPROCESSOR_DEFINITIONS = (
					"DEBUG=1",
					"$(inherited)",
				);
				GCC_WARN_64_TO_32_BIT_CONVERSION = YES;
				GCC_WARN_ABOUT_RETURN_TYPE = YES_ERROR;
				GCC_WARN_UNDECLARED_SELECTOR = YES;
				GCC_WARN_UNINITIALIZED_AUTOS = YES_AGGRESSIVE;
				GCC_WARN_UNUSED_FUNCTION = YES;
				GCC_WARN_UNUSED_VARIABLE = YES;
				IPHONEOS_DEPLOYMENT_TARGET = 10.3;
				MTL_ENABLE_DEBUG_INFO = YES;
				ONLY_ACTIVE_ARCH = YES;
				SDKROOT = iphoneos;
				TARGETED_DEVICE_FAMILY = "1,2";
			};
			name = Debug;
		};
		DA83444F1F717DDB001DCFE2 /* Release */ = {
			isa = XCBuildConfiguration;
			buildSettings = {
				ALWAYS_SEARCH_USER_PATHS = NO;
				CLANG_ANALYZER_NONNULL = YES;
				CLANG_ANALYZER_NUMBER_OBJECT_CONVERSION = YES_AGGRESSIVE;
				CLANG_CXX_LANGUAGE_STANDARD = "gnu++0x";
				CLANG_CXX_LIBRARY = "libc++";
				CLANG_ENABLE_MODULES = YES;
				CLANG_ENABLE_OBJC_ARC = YES;
				CLANG_WARN_BOOL_CONVERSION = YES;
				CLANG_WARN_CONSTANT_CONVERSION = YES;
				CLANG_WARN_DIRECT_OBJC_ISA_USAGE = YES_ERROR;
				CLANG_WARN_DOCUMENTATION_COMMENTS = YES;
				CLANG_WARN_EMPTY_BODY = YES;
				CLANG_WARN_ENUM_CONVERSION = YES;
				CLANG_WARN_INFINITE_RECURSION = YES;
				CLANG_WARN_INT_CONVERSION = YES;
				CLANG_WARN_OBJC_ROOT_CLASS = YES_ERROR;
				CLANG_WARN_SUSPICIOUS_MOVE = YES;
				CLANG_WARN_UNREACHABLE_CODE = YES;
				CLANG_WARN__DUPLICATE_METHOD_MATCH = YES;
				"CODE_SIGN_IDENTITY[sdk=iphoneos*]" = "iPhone Developer";
				COPY_PHASE_STRIP = NO;
				DEBUG_INFORMATION_FORMAT = "dwarf-with-dsym";
				ENABLE_NS_ASSERTIONS = NO;
				ENABLE_STRICT_OBJC_MSGSEND = YES;
				GCC_C_LANGUAGE_STANDARD = gnu99;
				GCC_NO_COMMON_BLOCKS = YES;
				GCC_WARN_64_TO_32_BIT_CONVERSION = YES;
				GCC_WARN_ABOUT_RETURN_TYPE = YES_ERROR;
				GCC_WARN_UNDECLARED_SELECTOR = YES;
				GCC_WARN_UNINITIALIZED_AUTOS = YES_AGGRESSIVE;
				GCC_WARN_UNUSED_FUNCTION = YES;
				GCC_WARN_UNUSED_VARIABLE = YES;
				IPHONEOS_DEPLOYMENT_TARGET = 10.3;
				MTL_ENABLE_DEBUG_INFO = NO;
				SDKROOT = iphoneos;
				TARGETED_DEVICE_FAMILY = "1,2";
				VALIDATE_PRODUCT = YES;
			};
			name = Release;
		};
		DA8344511F717DDB001DCFE2 /* Debug */ = {
			isa = XCBuildConfiguration;
			buildSettings = {
				ASSETCATALOG_COMPILER_APPICON_NAME = AppIcon;
				INFOPLIST_FILE = EveryDo/Info.plist;
				LD_RUNPATH_SEARCH_PATHS = "$(inherited) @executable_path/Frameworks";
				PRODUCT_BUNDLE_IDENTIFIER = com.Paul.EveryDo;
				PRODUCT_NAME = "$(TARGET_NAME)";
			};
			name = Debug;
		};
		DA8344521F717DDB001DCFE2 /* Release */ = {
			isa = XCBuildConfiguration;
			buildSettings = {
				ASSETCATALOG_COMPILER_APPICON_NAME = AppIcon;
				INFOPLIST_FILE = EveryDo/Info.plist;
				LD_RUNPATH_SEARCH_PATHS = "$(inherited) @executable_path/Frameworks";
				PRODUCT_BUNDLE_IDENTIFIER = com.Paul.EveryDo;
				PRODUCT_NAME = "$(TARGET_NAME)";
			};
			name = Release;
		};
/* End XCBuildConfiguration section */

/* Begin XCConfigurationList section */
		DA8344311F717DDB001DCFE2 /* Build configuration list for PBXProject "EveryDo" */ = {
			isa = XCConfigurationList;
			buildConfigurations = (
				DA83444E1F717DDB001DCFE2 /* Debug */,
				DA83444F1F717DDB001DCFE2 /* Release */,
			);
			defaultConfigurationIsVisible = 0;
			defaultConfigurationName = Release;
		};
		DA8344501F717DDB001DCFE2 /* Build configuration list for PBXNativeTarget "EveryDo" */ = {
			isa = XCConfigurationList;
			buildConfigurations = (
				DA8344511F717DDB001DCFE2 /* Debug */,
				DA8344521F717DDB001DCFE2 /* Release */,
			);
			defaultConfigurationIsVisible = 0;
		};
/* End XCConfigurationList section */
	};
	rootObject = DA83442E1F717DDB001DCFE2 /* Project object */;
}
